
Microsoft Visual Studio Solution File, Format Version 12.00
# Visual Studio Version 16
VisualStudioVersion = 16.0.31005.135
MinimumVisualStudioVersion = 10.0.40219.1
Project("{FAE04EC0-301F-11D3-BF4B-00C04F79EFBC}") = "Snake", "Snake.csproj", "{A7D17086-1773-4A93-93C3-84D03C380873}"
EndProject
Global
	GlobalSection(SolutionConfigurationPlatforms) = preSolution
		Debug|Any CPU = Debug|Any CPU
		Release|Any CPU = Release|Any CPU
	EndGlobalSection
	GlobalSection(ProjectConfigurationPlatforms) = postSolution
		{A7D17086-1773-4A93-93C3-84D03C380873}.Debug|Any CPU.ActiveCfg = Debug|Any CPU
		{A7D17086-1773-4A93-93C3-84D03C380873}.Debug|Any CPU.Build.0 = Debug|Any CPU
		{A7D17086-1773-4A93-93C3-84D03C380873}.Release|Any CPU.ActiveCfg = Release|Any CPU
		{A7D17086-1773-4A93-93C3-84D03C380873}.Release|Any CPU.Build.0 = Release|Any CPU
	EndGlobalSection
	GlobalSection(SolutionProperties) = preSolution
		HideSolutionNode = FALSE
	EndGlobalSection
	GlobalSection(ExtensibilityGlobals) = postSolution
		SolutionGuid = {B98064D4-1D75-4998-A87B-44AE788FBE1B}
	EndGlobalSection
EndGlobal
