
Microsoft Visual Studio Solution File, Format Version 12.00
# Visual Studio Version 16
VisualStudioVersion = 16.0.31005.135
MinimumVisualStudioVersion = 10.0.40219.1
Project("{FAE04EC0-301F-11D3-BF4B-00C04F79EFBC}") = "Task2", "Task2.csproj", "{D7D86D68-8935-4E74-BB7A-FADC1C8B2F18}"
EndProject
Global
	GlobalSection(SolutionConfigurationPlatforms) = preSolution
		Debug|Any CPU = Debug|Any CPU
		Release|Any CPU = Release|Any CPU
	EndGlobalSection
	GlobalSection(ProjectConfigurationPlatforms) = postSolution
		{D7D86D68-8935-4E74-BB7A-FADC1C8B2F18}.Debug|Any CPU.ActiveCfg = Debug|Any CPU
		{D7D86D68-8935-4E74-BB7A-FADC1C8B2F18}.Debug|Any CPU.Build.0 = Debug|Any CPU
		{D7D86D68-8935-4E74-BB7A-FADC1C8B2F18}.Release|Any CPU.ActiveCfg = Release|Any CPU
		{D7D86D68-8935-4E74-BB7A-FADC1C8B2F18}.Release|Any CPU.Build.0 = Release|Any CPU
	EndGlobalSection
	GlobalSection(SolutionProperties) = preSolution
		HideSolutionNode = FALSE
	EndGlobalSection
	GlobalSection(ExtensibilityGlobals) = postSolution
		SolutionGuid = {6932BEC6-BA49-4D7F-9D09-72A7B9C8B8D7}
	EndGlobalSection
EndGlobal
